{
  "version": 4,
  "terraform_version": "0.15.4",
  "serial": 49,
  "lineage": "228a9e5d-008a-0961-c31b-0f72dac7e3d9",
  "outputs": {},
  "resources": [
    {
      "mode": "managed",
      "type": "aws_internet_gateway",
      "name": "igw",
      "provider": "provider[\"registry.terraform.io/hashicorp/aws\"]",
      "instances": [
        {
          "schema_version": 0,
          "attributes": {
            "arn": "arn:aws:ec2:us-east-1:462564222576:internet-gateway/igw-0d91fb69763767fe8",
            "id": "igw-0d91fb69763767fe8",
            "owner_id": "462564222576",
            "tags": {
              "Name": "igw"
            },
            "tags_all": {
              "Name": "igw"
            },
            "vpc_id": "vpc-075671a521de7e3d7"
          },
          "sensitive_attributes": [],
          "private": "bnVsbA==",
          "dependencies": [
            "aws_vpc.prod_vpc"
          ]
        }
      ]
    },
    {
      "mode": "managed",
      "type": "aws_route_table",
      "name": "prod_web",
      "provider": "provider[\"registry.terraform.io/hashicorp/aws\"]",
      "instances": [
        {
          "schema_version": 0,
          "attributes": {
            "arn": "arn:aws:ec2:us-east-1:462564222576:route-table/rtb-05246f03d989c3db0",
            "id": "rtb-05246f03d989c3db0",
            "owner_id": "462564222576",
            "propagating_vgws": [],
            "route": [
              {
                "carrier_gateway_id": "",
                "cidr_block": "0.0.0.0/0",
                "destination_prefix_list_id": "",
                "egress_only_gateway_id": "",
                "gateway_id": "igw-0d91fb69763767fe8",
                "instance_id": "",
                "ipv6_cidr_block": "",
                "local_gateway_id": "",
                "nat_gateway_id": "",
                "network_interface_id": "",
                "transit_gateway_id": "",
                "vpc_endpoint_id": "",
                "vpc_peering_connection_id": ""
              }
            ],
            "tags": null,
            "tags_all": {},
            "vpc_id": "vpc-075671a521de7e3d7"
          },
          "sensitive_attributes": [],
          "private": "bnVsbA==",
          "dependencies": [
            "aws_internet_gateway.igw",
            "aws_vpc.prod_vpc"
          ]
        }
      ]
    },
    {
      "mode": "managed",
      "type": "aws_security_group",
      "name": "prod_web",
      "provider": "provider[\"registry.terraform.io/hashicorp/aws\"]",
      "instances": [
        {
          "schema_version": 1,
          "attributes": {
            "arn": "arn:aws:ec2:us-east-1:462564222576:security-group/sg-0db2deb5efa7ba6bd",
            "description": "Allow standard http and https ports inbound and everything outbund",
            "egress": [
              {
                "cidr_blocks": [
                  "0.0.0.0/0"
                ],
                "description": "",
                "from_port": 0,
                "ipv6_cidr_blocks": [],
                "prefix_list_ids": [],
                "protocol": "-1",
                "security_groups": [],
                "self": false,
                "to_port": 0
              }
            ],
            "id": "sg-0db2deb5efa7ba6bd",
            "ingress": [
              {
                "cidr_blocks": [
                  "0.0.0.0/0"
                ],
                "description": "",
                "from_port": 443,
                "ipv6_cidr_blocks": [],
                "prefix_list_ids": [],
                "protocol": "tcp",
                "security_groups": [],
                "self": false,
                "to_port": 443
              },
              {
                "cidr_blocks": [
                  "0.0.0.0/0"
                ],
                "description": "",
                "from_port": 80,
                "ipv6_cidr_blocks": [],
                "prefix_list_ids": [],
                "protocol": "tcp",
                "security_groups": [],
                "self": false,
                "to_port": 80
              }
            ],
            "name": "prod_web",
            "name_prefix": "",
            "owner_id": "462564222576",
            "revoke_rules_on_delete": false,
            "tags": {
              "Terraform": "true"
            },
            "tags_all": {
              "Terraform": "true"
            },
            "timeouts": null,
            "vpc_id": "vpc-075671a521de7e3d7"
          },
          "sensitive_attributes": [],
          "private": "eyJlMmJmYjczMC1lY2FhLTExZTYtOGY4OC0zNDM2M2JjN2M0YzAiOnsiY3JlYXRlIjo2MDAwMDAwMDAwMDAsImRlbGV0ZSI6OTAwMDAwMDAwMDAwfSwic2NoZW1hX3ZlcnNpb24iOiIxIn0=",
          "dependencies": [
            "aws_vpc.prod_vpc"
          ]
        }
      ]
    },
    {
      "mode": "managed",
      "type": "aws_subnet",
      "name": "prod_az1",
      "provider": "provider[\"registry.terraform.io/hashicorp/aws\"]",
      "instances": [
        {
          "schema_version": 1,
          "attributes": {
            "arn": "arn:aws:ec2:us-east-1:462564222576:subnet/subnet-0e7c962729bcc0acc",
            "assign_ipv6_address_on_creation": false,
            "availability_zone": "us-east-1a",
            "availability_zone_id": "use1-az4",
            "cidr_block": "150.150.1.0/24",
            "customer_owned_ipv4_pool": "",
            "id": "subnet-0e7c962729bcc0acc",
            "ipv6_cidr_block": "",
            "ipv6_cidr_block_association_id": "",
            "map_customer_owned_ip_on_launch": false,
            "map_public_ip_on_launch": false,
            "outpost_arn": "",
            "owner_id": "462564222576",
            "tags": {
              "Terraform": "true"
            },
            "tags_all": {
              "Terraform": "true"
            },
            "timeouts": null,
            "vpc_id": "vpc-075671a521de7e3d7"
          },
          "sensitive_attributes": [],
          "private": "eyJlMmJmYjczMC1lY2FhLTExZTYtOGY4OC0zNDM2M2JjN2M0YzAiOnsiY3JlYXRlIjo2MDAwMDAwMDAwMDAsImRlbGV0ZSI6MTIwMDAwMDAwMDAwMH0sInNjaGVtYV92ZXJzaW9uIjoiMSJ9",
          "dependencies": [
            "aws_vpc.prod_vpc"
          ]
        }
      ]
    },
    {
      "mode": "managed",
      "type": "aws_subnet",
      "name": "prod_az2",
      "provider": "provider[\"registry.terraform.io/hashicorp/aws\"]",
      "instances": [
        {
          "schema_version": 1,
          "attributes": {
            "arn": "arn:aws:ec2:us-east-1:462564222576:subnet/subnet-03719ed8c047eddda",
            "assign_ipv6_address_on_creation": false,
            "availability_zone": "us-east-1b",
            "availability_zone_id": "use1-az6",
            "cidr_block": "150.150.2.0/24",
            "customer_owned_ipv4_pool": "",
            "id": "subnet-03719ed8c047eddda",
            "ipv6_cidr_block": "",
            "ipv6_cidr_block_association_id": "",
            "map_customer_owned_ip_on_launch": false,
            "map_public_ip_on_launch": false,
            "outpost_arn": "",
            "owner_id": "462564222576",
            "tags": {
              "Terraform": "true"
            },
            "tags_all": {
              "Terraform": "true"
            },
            "timeouts": null,
            "vpc_id": "vpc-075671a521de7e3d7"
          },
          "sensitive_attributes": [],
          "private": "eyJlMmJmYjczMC1lY2FhLTExZTYtOGY4OC0zNDM2M2JjN2M0YzAiOnsiY3JlYXRlIjo2MDAwMDAwMDAwMDAsImRlbGV0ZSI6MTIwMDAwMDAwMDAwMH0sInNjaGVtYV92ZXJzaW9uIjoiMSJ9",
          "dependencies": [
            "aws_vpc.prod_vpc"
          ]
        }
      ]
    },
    {
      "mode": "managed",
      "type": "aws_vpc",
      "name": "prod_vpc",
      "provider": "provider[\"registry.terraform.io/hashicorp/aws\"]",
      "instances": [
        {
          "schema_version": 1,
          "attributes": {
            "arn": "arn:aws:ec2:us-east-1:462564222576:vpc/vpc-075671a521de7e3d7",
            "assign_generated_ipv6_cidr_block": false,
            "cidr_block": "150.150.0.0/16",
            "default_network_acl_id": "acl-02e8b96c2bb21af25",
            "default_route_table_id": "rtb-07b401c66f36758c0",
            "default_security_group_id": "sg-0b52cbe8e1ec9bfb5",
            "dhcp_options_id": "dopt-1b93607e",
            "enable_classiclink": false,
            "enable_classiclink_dns_support": false,
            "enable_dns_hostnames": false,
            "enable_dns_support": true,
            "id": "vpc-075671a521de7e3d7",
            "instance_tenancy": "default",
            "ipv6_association_id": "",
            "ipv6_cidr_block": "",
            "main_route_table_id": "rtb-07b401c66f36758c0",
            "owner_id": "462564222576",
            "tags": {
              "Name": "prod_vpc",
              "Terraform": "true"
            },
            "tags_all": {
              "Name": "prod_vpc",
              "Terraform": "true"
            }
          },
          "sensitive_attributes": [],
          "private": "eyJzY2hlbWFfdmVyc2lvbiI6IjEifQ=="
        }
      ]
    },
    {
      "module": "module.elb-ec2",
      "mode": "managed",
      "type": "aws_autoscaling_attachment",
      "name": "this",
      "provider": "provider[\"registry.terraform.io/hashicorp/aws\"]",
      "instances": [
        {
          "schema_version": 0,
          "attributes": {
            "alb_target_group_arn": null,
            "autoscaling_group_name": "tf-asg-20210527231113107000000003",
            "elb": "prod-lb",
            "id": "tf-asg-20210527231113107000000003-20210527231154625600000004"
          },
          "sensitive_attributes": [],
          "private": "bnVsbA==",
          "dependencies": [
            "aws_security_group.prod_web",
            "aws_subnet.prod_az1",
            "aws_subnet.prod_az2",
            "aws_vpc.prod_vpc",
            "module.elb-ec2.aws_autoscaling_group.this",
            "module.elb-ec2.aws_elb.this",
            "module.elb-ec2.aws_launch_template.this"
          ]
        }
      ]
    },
    {
      "module": "module.elb-ec2",
      "mode": "managed",
      "type": "aws_autoscaling_group",
      "name": "this",
      "provider": "provider[\"registry.terraform.io/hashicorp/aws\"]",
      "instances": [
        {
          "schema_version": 0,
          "attributes": {
            "arn": "arn:aws:autoscaling:us-east-1:462564222576:autoScalingGroup:032d906b-d1f2-41d8-a784-3e4ad45e1a42:autoScalingGroupName/tf-asg-20210527231113107000000003",
            "availability_zones": [
              "us-east-1a",
              "us-east-1b"
            ],
            "capacity_rebalance": false,
            "default_cooldown": 300,
            "desired_capacity": 2,
            "enabled_metrics": null,
            "force_delete": false,
            "force_delete_warm_pool": false,
            "health_check_grace_period": 300,
            "health_check_type": "EC2",
            "id": "tf-asg-20210527231113107000000003",
            "initial_lifecycle_hook": [],
            "instance_refresh": [],
            "launch_configuration": "",
            "launch_template": [
              {
                "id": "lt-04ba5afd32107b919",
                "name": "prod-lt20210527231107464900000001",
                "version": "$Latest"
              }
            ],
            "load_balancers": null,
            "max_instance_lifetime": 0,
            "max_size": 3,
            "metrics_granularity": "1Minute",
            "min_elb_capacity": null,
            "min_size": 2,
            "mixed_instances_policy": [],
            "name": "tf-asg-20210527231113107000000003",
            "name_prefix": null,
            "placement_group": "",
            "protect_from_scale_in": false,
            "service_linked_role_arn": "arn:aws:iam::462564222576:role/aws-service-role/autoscaling.amazonaws.com/AWSServiceRoleForAutoScaling",
            "suspended_processes": null,
            "tag": [
              {
                "key": "Terraform",
                "propagate_at_launch": true,
                "value": "true"
              }
            ],
            "tags": null,
            "target_group_arns": null,
            "termination_policies": null,
            "timeouts": null,
            "vpc_zone_identifier": [
              "subnet-03719ed8c047eddda",
              "subnet-0e7c962729bcc0acc"
            ],
            "wait_for_capacity_timeout": "10m",
            "wait_for_elb_capacity": null,
            "warm_pool": []
          },
          "sensitive_attributes": [],
          "private": "eyJlMmJmYjczMC1lY2FhLTExZTYtOGY4OC0zNDM2M2JjN2M0YzAiOnsiZGVsZXRlIjo2MDAwMDAwMDAwMDB9fQ==",
          "dependencies": [
            "aws_subnet.prod_az1",
            "aws_subnet.prod_az2",
            "aws_vpc.prod_vpc",
            "module.elb-ec2.aws_launch_template.this"
          ]
        }
      ]
    },
    {
      "module": "module.elb-ec2",
      "mode": "managed",
      "type": "aws_elb",
      "name": "this",
      "provider": "provider[\"registry.terraform.io/hashicorp/aws\"]",
      "instances": [
        {
          "schema_version": 0,
          "attributes": {
            "access_logs": [],
            "arn": "arn:aws:elasticloadbalancing:us-east-1:462564222576:loadbalancer/prod-lb",
            "availability_zones": [
              "us-east-1a",
              "us-east-1b"
            ],
            "connection_draining": false,
            "connection_draining_timeout": 300,
            "cross_zone_load_balancing": true,
            "dns_name": "prod-lb-190150533.us-east-1.elb.amazonaws.com",
            "health_check": [
              {
                "healthy_threshold": 10,
                "interval": 30,
                "target": "TCP:80",
                "timeout": 5,
                "unhealthy_threshold": 2
              }
            ],
            "id": "prod-lb",
            "idle_timeout": 60,
            "instances": [],
            "internal": false,
            "listener": [
              {
                "instance_port": 80,
                "instance_protocol": "http",
                "lb_port": 80,
                "lb_protocol": "http",
                "ssl_certificate_id": ""
              }
            ],
            "name": "prod-lb",
            "name_prefix": null,
            "security_groups": [
              "sg-0db2deb5efa7ba6bd"
            ],
            "source_security_group": "462564222576/prod_web",
            "source_security_group_id": "sg-0db2deb5efa7ba6bd",
            "subnets": [
              "subnet-03719ed8c047eddda",
              "subnet-0e7c962729bcc0acc"
            ],
            "tags": null,
            "tags_all": {},
            "zone_id": "Z35SXDOTRQ7X7K"
          },
          "sensitive_attributes": [],
          "private": "bnVsbA==",
          "dependencies": [
            "aws_security_group.prod_web",
            "aws_subnet.prod_az1",
            "aws_subnet.prod_az2",
            "aws_vpc.prod_vpc"
          ]
        }
      ]
    },
    {
      "module": "module.elb-ec2",
      "mode": "managed",
      "type": "aws_launch_template",
      "name": "this",
      "provider": "provider[\"registry.terraform.io/hashicorp/aws\"]",
      "instances": [
        {
          "schema_version": 0,
          "attributes": {
            "arn": "arn:aws:ec2:us-east-1:462564222576:launch-template/lt-04ba5afd32107b919",
            "block_device_mappings": [],
            "capacity_reservation_specification": [],
            "cpu_options": [],
            "credit_specification": [],
            "default_version": 1,
            "description": "",
            "disable_api_termination": false,
            "ebs_optimized": "",
            "elastic_gpu_specifications": [],
            "elastic_inference_accelerator": [],
            "enclave_options": [],
            "hibernation_options": [],
            "iam_instance_profile": [],
            "id": "lt-04ba5afd32107b919",
            "image_id": "ami-012c7314a6f9b09d6",
            "instance_initiated_shutdown_behavior": "",
            "instance_market_options": [],
            "instance_type": "t2.nano",
            "kernel_id": "",
            "key_name": "",
            "latest_version": 1,
            "license_specification": [],
            "metadata_options": [],
            "monitoring": [],
            "name": "prod-lt20210527231107464900000001",
            "name_prefix": "prod-lt",
            "network_interfaces": [],
            "placement": [],
            "ram_disk_id": "",
            "security_group_names": null,
            "tag_specifications": [],
            "tags": null,
            "tags_all": {},
            "update_default_version": null,
            "user_data": "",
            "vpc_security_group_ids": null
          },
          "sensitive_attributes": [],
          "private": "bnVsbA=="
        }
      ]
    }
  ]
}
